// !$*UTF8*$!
{
	archiveVersion = 1;
	classes = {
	};
	objectVersion = 55;
	objects = {

/* Begin PBXBuildFile section */
		9F09D9882856C635006059AA /* Client+MuseJobService.swift in Sources */ = {isa = PBXBuildFile; fileRef = 9F09D9872856C635006059AA /* Client+MuseJobService.swift */; };
		9F40927E2857A3D5007768A4 /* JobSearchViewController.swift in Sources */ = {isa = PBXBuildFile; fileRef = 9F40927D2857A3D5007768A4 /* JobSearchViewController.swift */; };
		9FC2877128513F1200276F45 /* AppDelegate.swift in Sources */ = {isa = PBXBuildFile; fileRef = 9FC2877028513F1200276F45 /* AppDelegate.swift */; };
		9FC2877328513F1200276F45 /* SceneDelegate.swift in Sources */ = {isa = PBXBuildFile; fileRef = 9FC2877228513F1200276F45 /* SceneDelegate.swift */; };
		9FC2877528513F1200276F45 /* RootViewController.swift in Sources */ = {isa = PBXBuildFile; fileRef = 9FC2877428513F1200276F45 /* RootViewController.swift */; };
		9FC2877A28513F1400276F45 /* Assets.xcassets in Resources */ = {isa = PBXBuildFile; fileRef = 9FC2877928513F1400276F45 /* Assets.xcassets */; };
		9FC2877D28513F1400276F45 /* LaunchScreen.storyboard in Resources */ = {isa = PBXBuildFile; fileRef = 9FC2877B28513F1400276F45 /* LaunchScreen.storyboard */; };
		9FC2878828513F1500276F45 /* SwiftJobSearchTests.swift in Sources */ = {isa = PBXBuildFile; fileRef = 9FC2878728513F1500276F45 /* SwiftJobSearchTests.swift */; };
		9FC2879228513F1500276F45 /* SwiftJobSearchUITests.swift in Sources */ = {isa = PBXBuildFile; fileRef = 9FC2879128513F1500276F45 /* SwiftJobSearchUITests.swift */; };
		9FC2879428513F1500276F45 /* SwiftJobSearchUITestsLaunchTests.swift in Sources */ = {isa = PBXBuildFile; fileRef = 9FC2879328513F1500276F45 /* SwiftJobSearchUITestsLaunchTests.swift */; };
		9FC287A2285260F100276F45 /* SnapKit in Frameworks */ = {isa = PBXBuildFile; productRef = 9FC287A1285260F100276F45 /* SnapKit */; };
		9FC287A728526A2100276F45 /* InteractionResponder.swift in Sources */ = {isa = PBXBuildFile; fileRef = 9FC287A628526A2100276F45 /* InteractionResponder.swift */; };
		9FC287AA28526E3900276F45 /* UIViewController+Instantiate.swift in Sources */ = {isa = PBXBuildFile; fileRef = 9FC287A928526E3900276F45 /* UIViewController+Instantiate.swift */; };
		9FC287AC28526F8100276F45 /* ViewContainer.swift in Sources */ = {isa = PBXBuildFile; fileRef = 9FC287AB28526F8100276F45 /* ViewContainer.swift */; };
		9FC287AF2852731F00276F45 /* Localizable.strings in Resources */ = {isa = PBXBuildFile; fileRef = 9FC287B12852731F00276F45 /* Localizable.strings */; };
		9FC287F528527E7200276F45 /* UIView+Instantiate.swift in Sources */ = {isa = PBXBuildFile; fileRef = 9FC287F428527E7200276F45 /* UIView+Instantiate.swift */; };
		9FC287F7285280CC00276F45 /* UITableView+DefaultIdentifier.swift in Sources */ = {isa = PBXBuildFile; fileRef = 9FC287F6285280CC00276F45 /* UITableView+DefaultIdentifier.swift */; };
		9FC287FB2852997F00276F45 /* UIColor+Random.swift in Sources */ = {isa = PBXBuildFile; fileRef = 9FC287FA2852997F00276F45 /* UIColor+Random.swift */; };
		9FC2883D2853CC1800276F45 /* RootViewCollectionViewCell.swift in Sources */ = {isa = PBXBuildFile; fileRef = 9FC2883C2853CC1800276F45 /* RootViewCollectionViewCell.swift */; };
		9FC2883F2853DC7E00276F45 /* CollectionViewConfiguration.swift in Sources */ = {isa = PBXBuildFile; fileRef = 9FC2883E2853DC7E00276F45 /* CollectionViewConfiguration.swift */; };
		9FC288492853F1E100276F45 /* AboutViewController.swift in Sources */ = {isa = PBXBuildFile; fileRef = 9FC288482853F1E100276F45 /* AboutViewController.swift */; };
		9FC2884B285564DD00276F45 /* AboutViewModel.swift in Sources */ = {isa = PBXBuildFile; fileRef = 9FC2884A285564DD00276F45 /* AboutViewModel.swift */; };
		9FC2884E2856B44F00276F45 /* Moya in Frameworks */ = {isa = PBXBuildFile; productRef = 9FC2884D2856B44F00276F45 /* Moya */; };
		9FC288532856B81F00276F45 /* MuseJobService.swift in Sources */ = {isa = PBXBuildFile; fileRef = 9FC288522856B81F00276F45 /* MuseJobService.swift */; };
		9FC288562856B95E00276F45 /* Job.swift in Sources */ = {isa = PBXBuildFile; fileRef = 9FC288552856B95E00276F45 /* Job.swift */; };
		9FC288592856BAD700276F45 /* MuseJobTarget.swift in Sources */ = {isa = PBXBuildFile; fileRef = 9FC288582856BAD700276F45 /* MuseJobTarget.swift */; };
		9FC2885D2856BB8900276F45 /* Secrets.swift in Sources */ = {isa = PBXBuildFile; fileRef = 9FC2885C2856BB8900276F45 /* Secrets.swift */; };
		9FE7A732285949BA009DABB0 /* JobDetailsViewController.swift in Sources */ = {isa = PBXBuildFile; fileRef = 9FE7A731285949BA009DABB0 /* JobDetailsViewController.swift */; };
		9FE7A73428595348009DABB0 /* JobDetailsViewModel.swift in Sources */ = {isa = PBXBuildFile; fileRef = 9FE7A73328595348009DABB0 /* JobDetailsViewModel.swift */; };
		9FE7A7362859ACB7009DABB0 /* String+HTMLConverter.swift in Sources */ = {isa = PBXBuildFile; fileRef = 9FE7A7352859ACB7009DABB0 /* String+HTMLConverter.swift */; };
		9FF437A728590DC1007E8574 /* Client.swift in Sources */ = {isa = PBXBuildFile; fileRef = 9FF437A628590DC1007E8574 /* Client.swift */; };
		9FF437A928591DF4007E8574 /* JobResponse.swift in Sources */ = {isa = PBXBuildFile; fileRef = 9FF437A828591DF4007E8574 /* JobResponse.swift */; };
		9FF437AB28592851007E8574 /* JobSearchViewModel.swift in Sources */ = {isa = PBXBuildFile; fileRef = 9FF437AA28592851007E8574 /* JobSearchViewModel.swift */; };
/* End PBXBuildFile section */

/* Begin PBXContainerItemProxy section */
		9FC2878428513F1500276F45 /* PBXContainerItemProxy */ = {
			isa = PBXContainerItemProxy;
			containerPortal = 9FC2876528513F1200276F45 /* Project object */;
			proxyType = 1;
			remoteGlobalIDString = 9FC2876C28513F1200276F45;
			remoteInfo = SwiftJobSearch;
		};
		9FC2878E28513F1500276F45 /* PBXContainerItemProxy */ = {
			isa = PBXContainerItemProxy;
			containerPortal = 9FC2876528513F1200276F45 /* Project object */;
			proxyType = 1;
			remoteGlobalIDString = 9FC2876C28513F1200276F45;
			remoteInfo = SwiftJobSearch;
		};
/* End PBXContainerItemProxy section */

/* Begin PBXFileReference section */
		9F09D9872856C635006059AA /* Client+MuseJobService.swift */ = {isa = PBXFileReference; lastKnownFileType = sourcecode.swift; path = "Client+MuseJobService.swift"; sourceTree = "<group>"; };
		9F40927D2857A3D5007768A4 /* JobSearchViewController.swift */ = {isa = PBXFileReference; lastKnownFileType = sourcecode.swift; path = JobSearchViewController.swift; sourceTree = "<group>"; };
		9FC2876D28513F1200276F45 /* SwiftJobSearch.app */ = {isa = PBXFileReference; explicitFileType = wrapper.application; includeInIndex = 0; path = SwiftJobSearch.app; sourceTree = BUILT_PRODUCTS_DIR; };
		9FC2877028513F1200276F45 /* AppDelegate.swift */ = {isa = PBXFileReference; lastKnownFileType = sourcecode.swift; path = AppDelegate.swift; sourceTree = "<group>"; };
		9FC2877228513F1200276F45 /* SceneDelegate.swift */ = {isa = PBXFileReference; lastKnownFileType = sourcecode.swift; path = SceneDelegate.swift; sourceTree = "<group>"; };
		9FC2877428513F1200276F45 /* RootViewController.swift */ = {isa = PBXFileReference; lastKnownFileType = sourcecode.swift; path = RootViewController.swift; sourceTree = "<group>"; };
		9FC2877928513F1400276F45 /* Assets.xcassets */ = {isa = PBXFileReference; lastKnownFileType = folder.assetcatalog; path = Assets.xcassets; sourceTree = "<group>"; };
		9FC2877C28513F1400276F45 /* Base */ = {isa = PBXFileReference; lastKnownFileType = file.storyboard; name = Base; path = Base.lproj/LaunchScreen.storyboard; sourceTree = "<group>"; };
		9FC2877E28513F1400276F45 /* Info.plist */ = {isa = PBXFileReference; lastKnownFileType = text.plist.xml; path = Info.plist; sourceTree = "<group>"; };
		9FC2878328513F1500276F45 /* SwiftJobSearchTests.xctest */ = {isa = PBXFileReference; explicitFileType = wrapper.cfbundle; includeInIndex = 0; path = SwiftJobSearchTests.xctest; sourceTree = BUILT_PRODUCTS_DIR; };
		9FC2878728513F1500276F45 /* SwiftJobSearchTests.swift */ = {isa = PBXFileReference; lastKnownFileType = sourcecode.swift; path = SwiftJobSearchTests.swift; sourceTree = "<group>"; };
		9FC2878D28513F1500276F45 /* SwiftJobSearchUITests.xctest */ = {isa = PBXFileReference; explicitFileType = wrapper.cfbundle; includeInIndex = 0; path = SwiftJobSearchUITests.xctest; sourceTree = BUILT_PRODUCTS_DIR; };
		9FC2879128513F1500276F45 /* SwiftJobSearchUITests.swift */ = {isa = PBXFileReference; lastKnownFileType = sourcecode.swift; path = SwiftJobSearchUITests.swift; sourceTree = "<group>"; };
		9FC2879328513F1500276F45 /* SwiftJobSearchUITestsLaunchTests.swift */ = {isa = PBXFileReference; lastKnownFileType = sourcecode.swift; path = SwiftJobSearchUITestsLaunchTests.swift; sourceTree = "<group>"; };
		9FC287A628526A2100276F45 /* InteractionResponder.swift */ = {isa = PBXFileReference; lastKnownFileType = sourcecode.swift; path = InteractionResponder.swift; sourceTree = "<group>"; };
		9FC287A928526E3900276F45 /* UIViewController+Instantiate.swift */ = {isa = PBXFileReference; lastKnownFileType = sourcecode.swift; path = "UIViewController+Instantiate.swift"; sourceTree = "<group>"; };
		9FC287AB28526F8100276F45 /* ViewContainer.swift */ = {isa = PBXFileReference; lastKnownFileType = sourcecode.swift; path = ViewContainer.swift; sourceTree = "<group>"; };
		9FC287B02852731F00276F45 /* en */ = {isa = PBXFileReference; lastKnownFileType = text.plist.strings; name = en; path = en.lproj/Localizable.strings; sourceTree = "<group>"; };
		9FC287B22852733300276F45 /* es */ = {isa = PBXFileReference; lastKnownFileType = text.plist.strings; name = es; path = es.lproj/LaunchScreen.strings; sourceTree = "<group>"; };
		9FC287B32852733300276F45 /* es */ = {isa = PBXFileReference; lastKnownFileType = text.plist.strings; name = es; path = es.lproj/Localizable.strings; sourceTree = "<group>"; };
		9FC287F428527E7200276F45 /* UIView+Instantiate.swift */ = {isa = PBXFileReference; lastKnownFileType = sourcecode.swift; path = "UIView+Instantiate.swift"; sourceTree = "<group>"; };
		9FC287F6285280CC00276F45 /* UITableView+DefaultIdentifier.swift */ = {isa = PBXFileReference; lastKnownFileType = sourcecode.swift; path = "UITableView+DefaultIdentifier.swift"; sourceTree = "<group>"; };
		9FC287FA2852997F00276F45 /* UIColor+Random.swift */ = {isa = PBXFileReference; lastKnownFileType = sourcecode.swift; path = "UIColor+Random.swift"; sourceTree = "<group>"; };
		9FC2883C2853CC1800276F45 /* RootViewCollectionViewCell.swift */ = {isa = PBXFileReference; lastKnownFileType = sourcecode.swift; path = RootViewCollectionViewCell.swift; sourceTree = "<group>"; };
		9FC2883E2853DC7E00276F45 /* CollectionViewConfiguration.swift */ = {isa = PBXFileReference; lastKnownFileType = sourcecode.swift; path = CollectionViewConfiguration.swift; sourceTree = "<group>"; };
		9FC288482853F1E100276F45 /* AboutViewController.swift */ = {isa = PBXFileReference; lastKnownFileType = sourcecode.swift; path = AboutViewController.swift; sourceTree = "<group>"; };
		9FC2884A285564DD00276F45 /* AboutViewModel.swift */ = {isa = PBXFileReference; lastKnownFileType = sourcecode.swift; path = AboutViewModel.swift; sourceTree = "<group>"; };
		9FC288522856B81F00276F45 /* MuseJobService.swift */ = {isa = PBXFileReference; lastKnownFileType = sourcecode.swift; path = MuseJobService.swift; sourceTree = "<group>"; };
		9FC288552856B95E00276F45 /* Job.swift */ = {isa = PBXFileReference; lastKnownFileType = sourcecode.swift; path = Job.swift; sourceTree = "<group>"; };
		9FC288582856BAD700276F45 /* MuseJobTarget.swift */ = {isa = PBXFileReference; lastKnownFileType = sourcecode.swift; path = MuseJobTarget.swift; sourceTree = "<group>"; };
		9FC2885C2856BB8900276F45 /* Secrets.swift */ = {isa = PBXFileReference; lastKnownFileType = sourcecode.swift; path = Secrets.swift; sourceTree = "<group>"; };
		9FE7A731285949BA009DABB0 /* JobDetailsViewController.swift */ = {isa = PBXFileReference; lastKnownFileType = sourcecode.swift; path = JobDetailsViewController.swift; sourceTree = "<group>"; };
		9FE7A73328595348009DABB0 /* JobDetailsViewModel.swift */ = {isa = PBXFileReference; lastKnownFileType = sourcecode.swift; path = JobDetailsViewModel.swift; sourceTree = "<group>"; };
		9FE7A7352859ACB7009DABB0 /* String+HTMLConverter.swift */ = {isa = PBXFileReference; lastKnownFileType = sourcecode.swift; path = "String+HTMLConverter.swift"; sourceTree = "<group>"; };
		9FF437A628590DC1007E8574 /* Client.swift */ = {isa = PBXFileReference; lastKnownFileType = sourcecode.swift; path = Client.swift; sourceTree = "<group>"; };
		9FF437A828591DF4007E8574 /* JobResponse.swift */ = {isa = PBXFileReference; lastKnownFileType = sourcecode.swift; path = JobResponse.swift; sourceTree = "<group>"; };
		9FF437AA28592851007E8574 /* JobSearchViewModel.swift */ = {isa = PBXFileReference; lastKnownFileType = sourcecode.swift; path = JobSearchViewModel.swift; sourceTree = "<group>"; };
/* End PBXFileReference section */

/* Begin PBXFrameworksBuildPhase section */
		9FC2876A28513F1200276F45 /* Frameworks */ = {
			isa = PBXFrameworksBuildPhase;
			buildActionMask = 2147483647;
			files = (
				9FC2884E2856B44F00276F45 /* Moya in Frameworks */,
				9FC287A2285260F100276F45 /* SnapKit in Frameworks */,
			);
			runOnlyForDeploymentPostprocessing = 0;
		};
		9FC2878028513F1500276F45 /* Frameworks */ = {
			isa = PBXFrameworksBuildPhase;
			buildActionMask = 2147483647;
			files = (
			);
			runOnlyForDeploymentPostprocessing = 0;
		};
		9FC2878A28513F1500276F45 /* Frameworks */ = {
			isa = PBXFrameworksBuildPhase;
			buildActionMask = 2147483647;
			files = (
			);
			runOnlyForDeploymentPostprocessing = 0;
		};
/* End PBXFrameworksBuildPhase section */

/* Begin PBXGroup section */
		9F09D9862856C61A006059AA /* Extensions */ = {
			isa = PBXGroup;
			children = (
				9F09D9872856C635006059AA /* Client+MuseJobService.swift */,
			);
			path = Extensions;
			sourceTree = "<group>";
		};
		9FC2876428513F1200276F45 = {
			isa = PBXGroup;
			children = (
				9FC2876F28513F1200276F45 /* SwiftJobSearch */,
				9FC2878628513F1500276F45 /* SwiftJobSearchTests */,
				9FC2879028513F1500276F45 /* SwiftJobSearchUITests */,
				9FC2876E28513F1200276F45 /* Products */,
			);
			sourceTree = "<group>";
		};
		9FC2876E28513F1200276F45 /* Products */ = {
			isa = PBXGroup;
			children = (
				9FC2876D28513F1200276F45 /* SwiftJobSearch.app */,
				9FC2878328513F1500276F45 /* SwiftJobSearchTests.xctest */,
				9FC2878D28513F1500276F45 /* SwiftJobSearchUITests.xctest */,
			);
			name = Products;
			sourceTree = "<group>";
		};
		9FC2876F28513F1200276F45 /* SwiftJobSearch */ = {
			isa = PBXGroup;
			children = (
				9FC2885A2856BB6B00276F45 /* Source */,
				9FC288542856B94D00276F45 /* Models */,
				9FC2884F2856B7F200276F45 /* Services */,
				9FC287A828526E2100276F45 /* Extensions */,
				9FC287A528526A0B00276F45 /* Protocols */,
				9FC287F02852793600276F45 /* UI */,
				9FC2877E28513F1400276F45 /* Info.plist */,
				9FC2877928513F1400276F45 /* Assets.xcassets */,
				9FC2877B28513F1400276F45 /* LaunchScreen.storyboard */,
				9FC287B12852731F00276F45 /* Localizable.strings */,
			);
			path = SwiftJobSearch;
			sourceTree = "<group>";
		};
		9FC2878628513F1500276F45 /* SwiftJobSearchTests */ = {
			isa = PBXGroup;
			children = (
				9FC2878728513F1500276F45 /* SwiftJobSearchTests.swift */,
			);
			path = SwiftJobSearchTests;
			sourceTree = "<group>";
		};
		9FC2879028513F1500276F45 /* SwiftJobSearchUITests */ = {
			isa = PBXGroup;
			children = (
				9FC2879128513F1500276F45 /* SwiftJobSearchUITests.swift */,
				9FC2879328513F1500276F45 /* SwiftJobSearchUITestsLaunchTests.swift */,
			);
			path = SwiftJobSearchUITests;
			sourceTree = "<group>";
		};
		9FC287A528526A0B00276F45 /* Protocols */ = {
			isa = PBXGroup;
			children = (
				9FC287A628526A2100276F45 /* InteractionResponder.swift */,
				9FC287AB28526F8100276F45 /* ViewContainer.swift */,
				9FC2883E2853DC7E00276F45 /* CollectionViewConfiguration.swift */,
			);
			path = Protocols;
			sourceTree = "<group>";
		};
		9FC287A828526E2100276F45 /* Extensions */ = {
			isa = PBXGroup;
			children = (
				9FC287A928526E3900276F45 /* UIViewController+Instantiate.swift */,
				9FC287F428527E7200276F45 /* UIView+Instantiate.swift */,
				9FC287F6285280CC00276F45 /* UITableView+DefaultIdentifier.swift */,
				9FC287FA2852997F00276F45 /* UIColor+Random.swift */,
				9FE7A7352859ACB7009DABB0 /* String+HTMLConverter.swift */,
			);
			path = Extensions;
			sourceTree = "<group>";
		};
		9FC287F02852793600276F45 /* UI */ = {
			isa = PBXGroup;
			children = (
				9FC2883C2853CC1800276F45 /* RootViewCollectionViewCell.swift */,
				9FC2877428513F1200276F45 /* RootViewController.swift */,
				9FC288482853F1E100276F45 /* AboutViewController.swift */,
				9FC2884A285564DD00276F45 /* AboutViewModel.swift */,
				9F40927D2857A3D5007768A4 /* JobSearchViewController.swift */,
				9FF437AA28592851007E8574 /* JobSearchViewModel.swift */,
				9FE7A731285949BA009DABB0 /* JobDetailsViewController.swift */,
				9FE7A73328595348009DABB0 /* JobDetailsViewModel.swift */,
			);
			path = UI;
			sourceTree = "<group>";
		};
		9FC2884F2856B7F200276F45 /* Services */ = {
			isa = PBXGroup;
			children = (
				9FC288502856B7FA00276F45 /* Networking */,
			);
			path = Services;
			sourceTree = "<group>";
		};
		9FC288502856B7FA00276F45 /* Networking */ = {
			isa = PBXGroup;
			children = (
				9F09D9862856C61A006059AA /* Extensions */,
				9FC288572856BABC00276F45 /* Targets */,
				9FC288512856B80800276F45 /* Protocols */,
				9FF437A628590DC1007E8574 /* Client.swift */,
			);
			path = Networking;
			sourceTree = "<group>";
		};
		9FC288512856B80800276F45 /* Protocols */ = {
			isa = PBXGroup;
			children = (
				9FC288522856B81F00276F45 /* MuseJobService.swift */,
			);
			path = Protocols;
			sourceTree = "<group>";
		};
		9FC288542856B94D00276F45 /* Models */ = {
			isa = PBXGroup;
			children = (
				9FC288552856B95E00276F45 /* Job.swift */,
				9FF437A828591DF4007E8574 /* JobResponse.swift */,
			);
			path = Models;
			sourceTree = "<group>";
		};
		9FC288572856BABC00276F45 /* Targets */ = {
			isa = PBXGroup;
			children = (
				9FC288582856BAD700276F45 /* MuseJobTarget.swift */,
			);
			path = Targets;
			sourceTree = "<group>";
		};
		9FC2885A2856BB6B00276F45 /* Source */ = {
			isa = PBXGroup;
			children = (
				9FC2885B2856BB7D00276F45 /* Helpers */,
				9FC2877028513F1200276F45 /* AppDelegate.swift */,
				9FC2877228513F1200276F45 /* SceneDelegate.swift */,
			);
			path = Source;
			sourceTree = "<group>";
		};
		9FC2885B2856BB7D00276F45 /* Helpers */ = {
			isa = PBXGroup;
			children = (
				9FC2885C2856BB8900276F45 /* Secrets.swift */,
			);
			path = Helpers;
			sourceTree = "<group>";
		};
/* End PBXGroup section */

/* Begin PBXNativeTarget section */
		9FC2876C28513F1200276F45 /* SwiftJobSearch */ = {
			isa = PBXNativeTarget;
			buildConfigurationList = 9FC2879728513F1500276F45 /* Build configuration list for PBXNativeTarget "SwiftJobSearch" */;
			buildPhases = (
				9FC2876928513F1200276F45 /* Sources */,
				9FC2876A28513F1200276F45 /* Frameworks */,
				9FC2876B28513F1200276F45 /* Resources */,
				9FE7A730285938E6009DABB0 /* ShellScript */,
			);
			buildRules = (
			);
			dependencies = (
			);
			name = SwiftJobSearch;
			packageProductDependencies = (
				9FC287A1285260F100276F45 /* SnapKit */,
				9FC2884D2856B44F00276F45 /* Moya */,
			);
			productName = SwiftJobSearch;
			productReference = 9FC2876D28513F1200276F45 /* SwiftJobSearch.app */;
			productType = "com.apple.product-type.application";
		};
		9FC2878228513F1500276F45 /* SwiftJobSearchTests */ = {
			isa = PBXNativeTarget;
			buildConfigurationList = 9FC2879A28513F1500276F45 /* Build configuration list for PBXNativeTarget "SwiftJobSearchTests" */;
			buildPhases = (
				9FC2877F28513F1500276F45 /* Sources */,
				9FC2878028513F1500276F45 /* Frameworks */,
				9FC2878128513F1500276F45 /* Resources */,
			);
			buildRules = (
			);
			dependencies = (
				9FC2878528513F1500276F45 /* PBXTargetDependency */,
			);
			name = SwiftJobSearchTests;
			productName = SwiftJobSearchTests;
			productReference = 9FC2878328513F1500276F45 /* SwiftJobSearchTests.xctest */;
			productType = "com.apple.product-type.bundle.unit-test";
		};
		9FC2878C28513F1500276F45 /* SwiftJobSearchUITests */ = {
			isa = PBXNativeTarget;
			buildConfigurationList = 9FC2879D28513F1500276F45 /* Build configuration list for PBXNativeTarget "SwiftJobSearchUITests" */;
			buildPhases = (
				9FC2878928513F1500276F45 /* Sources */,
				9FC2878A28513F1500276F45 /* Frameworks */,
				9FC2878B28513F1500276F45 /* Resources */,
			);
			buildRules = (
			);
			dependencies = (
				9FC2878F28513F1500276F45 /* PBXTargetDependency */,
			);
			name = SwiftJobSearchUITests;
			productName = SwiftJobSearchUITests;
			productReference = 9FC2878D28513F1500276F45 /* SwiftJobSearchUITests.xctest */;
			productType = "com.apple.product-type.bundle.ui-testing";
		};
/* End PBXNativeTarget section */

/* Begin PBXProject section */
		9FC2876528513F1200276F45 /* Project object */ = {
			isa = PBXProject;
			attributes = {
				BuildIndependentTargetsInParallel = 1;
				LastSwiftUpdateCheck = 1330;
				LastUpgradeCheck = 1330;
				TargetAttributes = {
					9FC2876C28513F1200276F45 = {
						CreatedOnToolsVersion = 13.3.1;
					};
					9FC2878228513F1500276F45 = {
						CreatedOnToolsVersion = 13.3.1;
						TestTargetID = 9FC2876C28513F1200276F45;
					};
					9FC2878C28513F1500276F45 = {
						CreatedOnToolsVersion = 13.3.1;
						TestTargetID = 9FC2876C28513F1200276F45;
					};
				};
			};
			buildConfigurationList = 9FC2876828513F1200276F45 /* Build configuration list for PBXProject "SwiftJobSearch" */;
			compatibilityVersion = "Xcode 13.0";
			developmentRegion = en;
			hasScannedForEncodings = 0;
			knownRegions = (
				en,
				Base,
				es,
			);
			mainGroup = 9FC2876428513F1200276F45;
			packageReferences = (
				9FC287A0285260F100276F45 /* XCRemoteSwiftPackageReference "SnapKit" */,
				9FC2884C2856B44F00276F45 /* XCRemoteSwiftPackageReference "Moya" */,
			);
			productRefGroup = 9FC2876E28513F1200276F45 /* Products */;
			projectDirPath = "";
			projectRoot = "";
			targets = (
				9FC2876C28513F1200276F45 /* SwiftJobSearch */,
				9FC2878228513F1500276F45 /* SwiftJobSearchTests */,
				9FC2878C28513F1500276F45 /* SwiftJobSearchUITests */,
			);
		};
/* End PBXProject section */

/* Begin PBXResourcesBuildPhase section */
		9FC2876B28513F1200276F45 /* Resources */ = {
			isa = PBXResourcesBuildPhase;
			buildActionMask = 2147483647;
			files = (
				9FC2877D28513F1400276F45 /* LaunchScreen.storyboard in Resources */,
				9FC287AF2852731F00276F45 /* Localizable.strings in Resources */,
				9FC2877A28513F1400276F45 /* Assets.xcassets in Resources */,
			);
			runOnlyForDeploymentPostprocessing = 0;
		};
		9FC2878128513F1500276F45 /* Resources */ = {
			isa = PBXResourcesBuildPhase;
			buildActionMask = 2147483647;
			files = (
			);
			runOnlyForDeploymentPostprocessing = 0;
		};
		9FC2878B28513F1500276F45 /* Resources */ = {
			isa = PBXResourcesBuildPhase;
			buildActionMask = 2147483647;
			files = (
			);
			runOnlyForDeploymentPostprocessing = 0;
		};
/* End PBXResourcesBuildPhase section */

/* Begin PBXShellScriptBuildPhase section */
		9FE7A730285938E6009DABB0 /* ShellScript */ = {
			isa = PBXShellScriptBuildPhase;
			buildActionMask = 2147483647;
			files = (
			);
			inputFileListPaths = (
			);
			inputPaths = (
			);
			outputFileListPaths = (
			);
			outputPaths = (
			);
			runOnlyForDeploymentPostprocessing = 0;
			shellPath = /bin/sh;
			shellScript = "if which swiftlint > /dev/null; then\n  swiftlint\nelse\n  echo \"warning: SwiftLint not installed, download from https://github.com/realm/SwiftLint\"\nfi\n";
		};
/* End PBXShellScriptBuildPhase section */

/* Begin PBXSourcesBuildPhase section */
		9FC2876928513F1200276F45 /* Sources */ = {
			isa = PBXSourcesBuildPhase;
			buildActionMask = 2147483647;
			files = (
				9FC2885D2856BB8900276F45 /* Secrets.swift in Sources */,
				9FC2884B285564DD00276F45 /* AboutViewModel.swift in Sources */,
				9FC287AC28526F8100276F45 /* ViewContainer.swift in Sources */,
				9FF437A728590DC1007E8574 /* Client.swift in Sources */,
				9FC2877528513F1200276F45 /* RootViewController.swift in Sources */,
				9FC288532856B81F00276F45 /* MuseJobService.swift in Sources */,
				9FC2883D2853CC1800276F45 /* RootViewCollectionViewCell.swift in Sources */,
				9FC287FB2852997F00276F45 /* UIColor+Random.swift in Sources */,
				9FC287A728526A2100276F45 /* InteractionResponder.swift in Sources */,
				9F09D9882856C635006059AA /* Client+MuseJobService.swift in Sources */,
				9FE7A732285949BA009DABB0 /* JobDetailsViewController.swift in Sources */,
				9F40927E2857A3D5007768A4 /* JobSearchViewController.swift in Sources */,
				9FF437AB28592851007E8574 /* JobSearchViewModel.swift in Sources */,
				9FC2883F2853DC7E00276F45 /* CollectionViewConfiguration.swift in Sources */,
				9FC287F528527E7200276F45 /* UIView+Instantiate.swift in Sources */,
				9FC2877128513F1200276F45 /* AppDelegate.swift in Sources */,
				9FF437A928591DF4007E8574 /* JobResponse.swift in Sources */,
				9FE7A73428595348009DABB0 /* JobDetailsViewModel.swift in Sources */,
				9FC288592856BAD700276F45 /* MuseJobTarget.swift in Sources */,
				9FC288492853F1E100276F45 /* AboutViewController.swift in Sources */,
				9FC2877328513F1200276F45 /* SceneDelegate.swift in Sources */,
				9FC288562856B95E00276F45 /* Job.swift in Sources */,
				9FC287F7285280CC00276F45 /* UITableView+DefaultIdentifier.swift in Sources */,
				9FE7A7362859ACB7009DABB0 /* String+HTMLConverter.swift in Sources */,
				9FC287AA28526E3900276F45 /* UIViewController+Instantiate.swift in Sources */,
			);
			runOnlyForDeploymentPostprocessing = 0;
		};
		9FC2877F28513F1500276F45 /* Sources */ = {
			isa = PBXSourcesBuildPhase;
			buildActionMask = 2147483647;
			files = (
				9FC2878828513F1500276F45 /* SwiftJobSearchTests.swift in Sources */,
			);
			runOnlyForDeploymentPostprocessing = 0;
		};
		9FC2878928513F1500276F45 /* Sources */ = {
			isa = PBXSourcesBuildPhase;
			buildActionMask = 2147483647;
			files = (
				9FC2879428513F1500276F45 /* SwiftJobSearchUITestsLaunchTests.swift in Sources */,
				9FC2879228513F1500276F45 /* SwiftJobSearchUITests.swift in Sources */,
			);
			runOnlyForDeploymentPostprocessing = 0;
		};
/* End PBXSourcesBuildPhase section */

/* Begin PBXTargetDependency section */
		9FC2878528513F1500276F45 /* PBXTargetDependency */ = {
			isa = PBXTargetDependency;
			target = 9FC2876C28513F1200276F45 /* SwiftJobSearch */;
			targetProxy = 9FC2878428513F1500276F45 /* PBXContainerItemProxy */;
		};
		9FC2878F28513F1500276F45 /* PBXTargetDependency */ = {
			isa = PBXTargetDependency;
			target = 9FC2876C28513F1200276F45 /* SwiftJobSearch */;
			targetProxy = 9FC2878E28513F1500276F45 /* PBXContainerItemProxy */;
		};
/* End PBXTargetDependency section */

/* Begin PBXVariantGroup section */
		9FC2877B28513F1400276F45 /* LaunchScreen.storyboard */ = {
			isa = PBXVariantGroup;
			children = (
				9FC2877C28513F1400276F45 /* Base */,
				9FC287B22852733300276F45 /* es */,
			);
			name = LaunchScreen.storyboard;
			sourceTree = "<group>";
		};
		9FC287B12852731F00276F45 /* Localizable.strings */ = {
			isa = PBXVariantGroup;
			children = (
				9FC287B02852731F00276F45 /* en */,
				9FC287B32852733300276F45 /* es */,
			);
			name = Localizable.strings;
			sourceTree = "<group>";
		};
/* End PBXVariantGroup section */

/* Begin XCBuildConfiguration section */
		9FC2879528513F1500276F45 /* Debug */ = {
			isa = XCBuildConfiguration;
			buildSettings = {
				ALWAYS_SEARCH_USER_PATHS = NO;
				CLANG_ANALYZER_LOCALIZABILITY_NONLOCALIZED = YES;
				CLANG_ANALYZER_NONNULL = YES;
				CLANG_ANALYZER_NUMBER_OBJECT_CONVERSION = YES_AGGRESSIVE;
				CLANG_CXX_LANGUAGE_STANDARD = "gnu++17";
				CLANG_ENABLE_MODULES = YES;
				CLANG_ENABLE_OBJC_ARC = YES;
				CLANG_ENABLE_OBJC_WEAK = YES;
				CLANG_WARN_BLOCK_CAPTURE_AUTORELEASING = YES;
				CLANG_WARN_BOOL_CONVERSION = YES;
				CLANG_WARN_COMMA = YES;
				CLANG_WARN_CONSTANT_CONVERSION = YES;
				CLANG_WARN_DEPRECATED_OBJC_IMPLEMENTATIONS = YES;
				CLANG_WARN_DIRECT_OBJC_ISA_USAGE = YES_ERROR;
				CLANG_WARN_DOCUMENTATION_COMMENTS = YES;
				CLANG_WARN_EMPTY_BODY = YES;
				CLANG_WARN_ENUM_CONVERSION = YES;
				CLANG_WARN_INFINITE_RECURSION = YES;
				CLANG_WARN_INT_CONVERSION = YES;
				CLANG_WARN_NON_LITERAL_NULL_CONVERSION = YES;
				CLANG_WARN_OBJC_IMPLICIT_RETAIN_SELF = YES;
				CLANG_WARN_OBJC_LITERAL_CONVERSION = YES;
				CLANG_WARN_OBJC_ROOT_CLASS = YES_ERROR;
				CLANG_WARN_QUOTED_INCLUDE_IN_FRAMEWORK_HEADER = YES;
				CLANG_WARN_RANGE_LOOP_ANALYSIS = YES;
				CLANG_WARN_STRICT_PROTOTYPES = YES;
				CLANG_WARN_SUSPICIOUS_MOVE = YES;
				CLANG_WARN_UNGUARDED_AVAILABILITY = YES_AGGRESSIVE;
				CLANG_WARN_UNREACHABLE_CODE = YES;
				CLANG_WARN__DUPLICATE_METHOD_MATCH = YES;
				COPY_PHASE_STRIP = NO;
				DEBUG_INFORMATION_FORMAT = dwarf;
				ENABLE_STRICT_OBJC_MSGSEND = YES;
				ENABLE_TESTABILITY = YES;
				GCC_C_LANGUAGE_STANDARD = gnu11;
				GCC_DYNAMIC_NO_PIC = NO;
				GCC_NO_COMMON_BLOCKS = YES;
				GCC_OPTIMIZATION_LEVEL = 0;
				GCC_PREPROCESSOR_DEFINITIONS = (
					"DEBUG=1",
					"$(inherited)",
				);
				GCC_WARN_64_TO_32_BIT_CONVERSION = YES;
				GCC_WARN_ABOUT_RETURN_TYPE = YES_ERROR;
				GCC_WARN_UNDECLARED_SELECTOR = YES;
				GCC_WARN_UNINITIALIZED_AUTOS = YES_AGGRESSIVE;
				GCC_WARN_UNUSED_FUNCTION = YES;
				GCC_WARN_UNUSED_VARIABLE = YES;
				IPHONEOS_DEPLOYMENT_TARGET = 15.4;
				MTL_ENABLE_DEBUG_INFO = INCLUDE_SOURCE;
				MTL_FAST_MATH = YES;
				ONLY_ACTIVE_ARCH = YES;
				SDKROOT = iphoneos;
				SWIFT_ACTIVE_COMPILATION_CONDITIONS = DEBUG;
				SWIFT_OPTIMIZATION_LEVEL = "-Onone";
			};
			name = Debug;
		};
		9FC2879628513F1500276F45 /* Release */ = {
			isa = XCBuildConfiguration;
			buildSettings = {
				ALWAYS_SEARCH_USER_PATHS = NO;
				CLANG_ANALYZER_LOCALIZABILITY_NONLOCALIZED = YES;
				CLANG_ANALYZER_NONNULL = YES;
				CLANG_ANALYZER_NUMBER_OBJECT_CONVERSION = YES_AGGRESSIVE;
				CLANG_CXX_LANGUAGE_STANDARD = "gnu++17";
				CLANG_ENABLE_MODULES = YES;
				CLANG_ENABLE_OBJC_ARC = YES;
				CLANG_ENABLE_OBJC_WEAK = YES;
				CLANG_WARN_BLOCK_CAPTURE_AUTORELEASING = YES;
				CLANG_WARN_BOOL_CONVERSION = YES;
				CLANG_WARN_COMMA = YES;
				CLANG_WARN_CONSTANT_CONVERSION = YES;
				CLANG_WARN_DEPRECATED_OBJC_IMPLEMENTATIONS = YES;
				CLANG_WARN_DIRECT_OBJC_ISA_USAGE = YES_ERROR;
				CLANG_WARN_DOCUMENTATION_COMMENTS = YES;
				CLANG_WARN_EMPTY_BODY = YES;
				CLANG_WARN_ENUM_CONVERSION = YES;
				CLANG_WARN_INFINITE_RECURSION = YES;
				CLANG_WARN_INT_CONVERSION = YES;
				CLANG_WARN_NON_LITERAL_NULL_CONVERSION = YES;
				CLANG_WARN_OBJC_IMPLICIT_RETAIN_SELF = YES;
				CLANG_WARN_OBJC_LITERAL_CONVERSION = YES;
				CLANG_WARN_OBJC_ROOT_CLASS = YES_ERROR;
				CLANG_WARN_QUOTED_INCLUDE_IN_FRAMEWORK_HEADER = YES;
				CLANG_WARN_RANGE_LOOP_ANALYSIS = YES;
				CLANG_WARN_STRICT_PROTOTYPES = YES;
				CLANG_WARN_SUSPICIOUS_MOVE = YES;
				CLANG_WARN_UNGUARDED_AVAILABILITY = YES_AGGRESSIVE;
				CLANG_WARN_UNREACHABLE_CODE = YES;
				CLANG_WARN__DUPLICATE_METHOD_MATCH = YES;
				COPY_PHASE_STRIP = NO;
				DEBUG_INFORMATION_FORMAT = "dwarf-with-dsym";
				ENABLE_NS_ASSERTIONS = NO;
				ENABLE_STRICT_OBJC_MSGSEND = YES;
				GCC_C_LANGUAGE_STANDARD = gnu11;
				GCC_NO_COMMON_BLOCKS = YES;
				GCC_WARN_64_TO_32_BIT_CONVERSION = YES;
				GCC_WARN_ABOUT_RETURN_TYPE = YES_ERROR;
				GCC_WARN_UNDECLARED_SELECTOR = YES;
				GCC_WARN_UNINITIALIZED_AUTOS = YES_AGGRESSIVE;
				GCC_WARN_UNUSED_FUNCTION = YES;
				GCC_WARN_UNUSED_VARIABLE = YES;
				IPHONEOS_DEPLOYMENT_TARGET = 15.4;
				MTL_ENABLE_DEBUG_INFO = NO;
				MTL_FAST_MATH = YES;
				SDKROOT = iphoneos;
				SWIFT_COMPILATION_MODE = wholemodule;
				SWIFT_OPTIMIZATION_LEVEL = "-O";
				VALIDATE_PRODUCT = YES;
			};
			name = Release;
		};
		9FC2879828513F1500276F45 /* Debug */ = {
			isa = XCBuildConfiguration;
			buildSettings = {
				ASSETCATALOG_COMPILER_APPICON_NAME = AppIcon;
				ASSETCATALOG_COMPILER_GLOBAL_ACCENT_COLOR_NAME = AccentColor;
				CODE_SIGN_STYLE = Automatic;
				CURRENT_PROJECT_VERSION = 1;
				DEVELOPMENT_TEAM = AX8WD9NB3M;
				GENERATE_INFOPLIST_FILE = YES;
				INFOPLIST_FILE = SwiftJobSearch/Info.plist;
				INFOPLIST_KEY_UIApplicationSupportsIndirectInputEvents = YES;
				INFOPLIST_KEY_UILaunchStoryboardName = LaunchScreen;
				INFOPLIST_KEY_UISupportedInterfaceOrientations_iPad = "UIInterfaceOrientationPortrait UIInterfaceOrientationPortraitUpsideDown UIInterfaceOrientationLandscapeLeft UIInterfaceOrientationLandscapeRight";
				INFOPLIST_KEY_UISupportedInterfaceOrientations_iPhone = "UIInterfaceOrientationPortrait UIInterfaceOrientationLandscapeLeft UIInterfaceOrientationLandscapeRight";
				LD_RUNPATH_SEARCH_PATHS = (
					"$(inherited)",
					"@executable_path/Frameworks",
				);
				MARKETING_VERSION = 1.0;
				PRODUCT_BUNDLE_IDENTIFIER = com.hatchsoftwaresolutions.SwiftJobSearch;
				PRODUCT_NAME = "$(TARGET_NAME)";
				SWIFT_EMIT_LOC_STRINGS = YES;
				SWIFT_VERSION = 5.0;
				TARGETED_DEVICE_FAMILY = "1,2";
			};
			name = Debug;
		};
		9FC2879928513F1500276F45 /* Release */ = {
			isa = XCBuildConfiguration;
			buildSettings = {
				ASSETCATALOG_COMPILER_APPICON_NAME = AppIcon;
				ASSETCATALOG_COMPILER_GLOBAL_ACCENT_COLOR_NAME = AccentColor;
				CODE_SIGN_STYLE = Automatic;
				CURRENT_PROJECT_VERSION = 1;
				DEVELOPMENT_TEAM = AX8WD9NB3M;
				GENERATE_INFOPLIST_FILE = YES;
				INFOPLIST_FILE = SwiftJobSearch/Info.plist;
				INFOPLIST_KEY_UIApplicationSupportsIndirectInputEvents = YES;
				INFOPLIST_KEY_UILaunchStoryboardName = LaunchScreen;
				INFOPLIST_KEY_UISupportedInterfaceOrientations_iPad = "UIInterfaceOrientationPortrait UIInterfaceOrientationPortraitUpsideDown UIInterfaceOrientationLandscapeLeft UIInterfaceOrientationLandscapeRight";
				INFOPLIST_KEY_UISupportedInterfaceOrientations_iPhone = "UIInterfaceOrientationPortrait UIInterfaceOrientationLandscapeLeft UIInterfaceOrientationLandscapeRight";
				LD_RUNPATH_SEARCH_PATHS = (
					"$(inherited)",
					"@executable_path/Frameworks",
				);
				MARKETING_VERSION = 1.0;
				PRODUCT_BUNDLE_IDENTIFIER = com.hatchsoftwaresolutions.SwiftJobSearch;
				PRODUCT_NAME = "$(TARGET_NAME)";
				SWIFT_EMIT_LOC_STRINGS = YES;
				SWIFT_VERSION = 5.0;
				TARGETED_DEVICE_FAMILY = "1,2";
			};
			name = Release;
		};
		9FC2879B28513F1500276F45 /* Debug */ = {
			isa = XCBuildConfiguration;
			buildSettings = {
				ALWAYS_EMBED_SWIFT_STANDARD_LIBRARIES = YES;
				BUNDLE_LOADER = "$(TEST_HOST)";
				CODE_SIGN_STYLE = Automatic;
				CURRENT_PROJECT_VERSION = 1;
				DEVELOPMENT_TEAM = AX8WD9NB3M;
				GENERATE_INFOPLIST_FILE = YES;
				IPHONEOS_DEPLOYMENT_TARGET = 15.4;
				MARKETING_VERSION = 1.0;
				PRODUCT_BUNDLE_IDENTIFIER = com.hatchsoftwaresolutions.SwiftJobSearchTests;
				PRODUCT_NAME = "$(TARGET_NAME)";
				SWIFT_EMIT_LOC_STRINGS = NO;
				SWIFT_VERSION = 5.0;
				TARGETED_DEVICE_FAMILY = "1,2";
				TEST_HOST = "$(BUILT_PRODUCTS_DIR)/SwiftJobSearch.app/SwiftJobSearch";
			};
			name = Debug;
		};
		9FC2879C28513F1500276F45 /* Release */ = {
			isa = XCBuildConfiguration;
			buildSettings = {
				ALWAYS_EMBED_SWIFT_STANDARD_LIBRARIES = YES;
				BUNDLE_LOADER = "$(TEST_HOST)";
				CODE_SIGN_STYLE = Automatic;
				CURRENT_PROJECT_VERSION = 1;
				DEVELOPMENT_TEAM = AX8WD9NB3M;
				GENERATE_INFOPLIST_FILE = YES;
				IPHONEOS_DEPLOYMENT_TARGET = 15.4;
				MARKETING_VERSION = 1.0;
				PRODUCT_BUNDLE_IDENTIFIER = com.hatchsoftwaresolutions.SwiftJobSearchTests;
				PRODUCT_NAME = "$(TARGET_NAME)";
				SWIFT_EMIT_LOC_STRINGS = NO;
				SWIFT_VERSION = 5.0;
				TARGETED_DEVICE_FAMILY = "1,2";
				TEST_HOST = "$(BUILT_PRODUCTS_DIR)/SwiftJobSearch.app/SwiftJobSearch";
			};
			name = Release;
		};
		9FC2879E28513F1500276F45 /* Debug */ = {
			isa = XCBuildConfiguration;
			buildSettings = {
				ALWAYS_EMBED_SWIFT_STANDARD_LIBRARIES = YES;
				CODE_SIGN_STYLE = Automatic;
				CURRENT_PROJECT_VERSION = 1;
				DEVELOPMENT_TEAM = AX8WD9NB3M;
				GENERATE_INFOPLIST_FILE = YES;
				MARKETING_VERSION = 1.0;
				PRODUCT_BUNDLE_IDENTIFIER = com.hatchsoftwaresolutions.SwiftJobSearchUITests;
				PRODUCT_NAME = "$(TARGET_NAME)";
				SWIFT_EMIT_LOC_STRINGS = NO;
				SWIFT_VERSION = 5.0;
				TARGETED_DEVICE_FAMILY = "1,2";
				TEST_TARGET_NAME = SwiftJobSearch;
			};
			name = Debug;
		};
		9FC2879F28513F1500276F45 /* Release */ = {
			isa = XCBuildConfiguration;
			buildSettings = {
				ALWAYS_EMBED_SWIFT_STANDARD_LIBRARIES = YES;
				CODE_SIGN_STYLE = Automatic;
				CURRENT_PROJECT_VERSION = 1;
				DEVELOPMENT_TEAM = AX8WD9NB3M;
				GENERATE_INFOPLIST_FILE = YES;
				MARKETING_VERSION = 1.0;
				PRODUCT_BUNDLE_IDENTIFIER = com.hatchsoftwaresolutions.SwiftJobSearchUITests;
				PRODUCT_NAME = "$(TARGET_NAME)";
				SWIFT_EMIT_LOC_STRINGS = NO;
				SWIFT_VERSION = 5.0;
				TARGETED_DEVICE_FAMILY = "1,2";
				TEST_TARGET_NAME = SwiftJobSearch;
			};
			name = Release;
		};
/* End XCBuildConfiguration section */

/* Begin XCConfigurationList section */
		9FC2876828513F1200276F45 /* Build configuration list for PBXProject "SwiftJobSearch" */ = {
			isa = XCConfigurationList;
			buildConfigurations = (
				9FC2879528513F1500276F45 /* Debug */,
				9FC2879628513F1500276F45 /* Release */,
			);
			defaultConfigurationIsVisible = 0;
			defaultConfigurationName = Release;
		};
		9FC2879728513F1500276F45 /* Build configuration list for PBXNativeTarget "SwiftJobSearch" */ = {
			isa = XCConfigurationList;
			buildConfigurations = (
				9FC2879828513F1500276F45 /* Debug */,
				9FC2879928513F1500276F45 /* Release */,
			);
			defaultConfigurationIsVisible = 0;
			defaultConfigurationName = Release;
		};
		9FC2879A28513F1500276F45 /* Build configuration list for PBXNativeTarget "SwiftJobSearchTests" */ = {
			isa = XCConfigurationList;
			buildConfigurations = (
				9FC2879B28513F1500276F45 /* Debug */,
				9FC2879C28513F1500276F45 /* Release */,
			);
			defaultConfigurationIsVisible = 0;
			defaultConfigurationName = Release;
		};
		9FC2879D28513F1500276F45 /* Build configuration list for PBXNativeTarget "SwiftJobSearchUITests" */ = {
			isa = XCConfigurationList;
			buildConfigurations = (
				9FC2879E28513F1500276F45 /* Debug */,
				9FC2879F28513F1500276F45 /* Release */,
			);
			defaultConfigurationIsVisible = 0;
			defaultConfigurationName = Release;
		};
/* End XCConfigurationList section */

/* Begin XCRemoteSwiftPackageReference section */
		9FC287A0285260F100276F45 /* XCRemoteSwiftPackageReference "SnapKit" */ = {
			isa = XCRemoteSwiftPackageReference;
			repositoryURL = "https://github.com/SnapKit/SnapKit.git";
			requirement = {
				kind = upToNextMajorVersion;
				minimumVersion = 5.0.0;
			};
		};
		9FC2884C2856B44F00276F45 /* XCRemoteSwiftPackageReference "Moya" */ = {
			isa = XCRemoteSwiftPackageReference;
			repositoryURL = "https://github.com/Moya/Moya.git";
			requirement = {
				kind = upToNextMajorVersion;
				minimumVersion = 15.0.0;
			};
		};
/* End XCRemoteSwiftPackageReference section */

/* Begin XCSwiftPackageProductDependency section */
		9FC287A1285260F100276F45 /* SnapKit */ = {
			isa = XCSwiftPackageProductDependency;
			package = 9FC287A0285260F100276F45 /* XCRemoteSwiftPackageReference "SnapKit" */;
			productName = SnapKit;
		};
		9FC2884D2856B44F00276F45 /* Moya */ = {
			isa = XCSwiftPackageProductDependency;
			package = 9FC2884C2856B44F00276F45 /* XCRemoteSwiftPackageReference "Moya" */;
			productName = Moya;
		};
/* End XCSwiftPackageProductDependency section */
	};
	rootObject = 9FC2876528513F1200276F45 /* Project object */;
}
